
Microsoft Visual Studio Solution File, Format Version 12.00
# Visual Studio Version 16
VisualStudioVersion = 16.0.30523.141
MinimumVisualStudioVersion = 10.0.40219.1
Project("{FAE04EC0-301F-11D3-BF4B-00C04F79EFBC}") = "Wizard.of.Legend", "Wizard.of.Legend\Wizard.of.Legend.csproj", "{F04E32CB-E60E-4E02-BC84-B8A86EA93006}"
EndProject
Global
	GlobalSection(SolutionConfigurationPlatforms) = preSolution
		Debug|Any CPU = Debug|Any CPU
		Release|Any CPU = Release|Any CPU
	EndGlobalSection
	GlobalSection(ProjectConfigurationPlatforms) = postSolution
		{F04E32CB-E60E-4E02-BC84-B8A86EA93006}.Debug|Any CPU.ActiveCfg = Debug|Any CPU
		{F04E32CB-E60E-4E02-BC84-B8A86EA93006}.Debug|Any CPU.Build.0 = Debug|Any CPU
		{F04E32CB-E60E-4E02-BC84-B8A86EA93006}.Release|Any CPU.ActiveCfg = Release|Any CPU
		{F04E32CB-E60E-4E02-BC84-B8A86EA93006}.Release|Any CPU.Build.0 = Release|Any CPU
	EndGlobalSection
	GlobalSection(SolutionProperties) = preSolution
		HideSolutionNode = FALSE
	EndGlobalSection
	GlobalSection(ExtensibilityGlobals) = postSolution
		SolutionGuid = {B017C611-22F1-4007-9729-BCBCF729FADB}
	EndGlobalSection
EndGlobal
